{
  "nodes": {
    "home-manager": {
      "inputs": {
        "nixpkgs": [
          "nixpkgs"
        ]
      },
      "locked": {
        "lastModified": 1752208517,
        "narHash": "sha256-aRY1cYOdVdXdNjcL/Twpa27CknO7pVHxooPsBizDraE=",
        "owner": "nix-community",
        "repo": "home-manager",
        "rev": "c6a01e54af81b381695db796a43360bf6db5702f",
        "type": "github"
      },
      "original": {
        "owner": "nix-community",
        "ref": "release-25.05",
        "repo": "home-manager",
        "type": "github"
      }
    },
    "nixpkgs": {
      "locked": {
        "lastModified": 1752286267,
        "narHash": "sha256-7iqFWMjLpzf8/Zyd2mBBRuDZmbGYXl3U3FOyvGl2CjI=",
        "owner": "NixOS",
        "repo": "nixpkgs",
        "rev": "2d2f7d830cf593d295d8d88b3bf3c557904c3725",
        "type": "github"
      },
      "original": {
        "owner": "NixOS",
        "ref": "release-25.05",
        "repo": "nixpkgs",
        "type": "github"
      }
    },
    "root": {
      "inputs": {
        "home-manager": "home-manager",
        "nixpkgs": "nixpkgs"
      }
    }
  },
  "root": "root",
  "version": 7
}
