{
  "nodes": {
    "home-manager": {
      "inputs": {
        "nixpkgs": [
          "nixpkgs"
        ]
      },
      "locked": {
        "lastModified": 1748487945,
        "narHash": "sha256-e9zc/rHdoH9i+sFFhhQiKoF6IuD+T2rB/nUyPaO7CCg=",
        "owner": "nix-community",
        "repo": "home-manager",
        "rev": "0d13ea58d565d3c1c1468ddae1f623316dc395d9",
        "type": "github"
      },
      "original": {
        "owner": "nix-community",
        "ref": "release-25.05",
        "repo": "home-manager",
        "type": "github"
      }
    },
    "nixpkgs": {
      "locked": {
        "lastModified": 1748515800,
        "narHash": "sha256-XfUZNtZJMFIupkCPar4Im9rBfaxsH4sIrRU1eofPSGQ=",
        "owner": "NixOS",
        "repo": "nixpkgs",
        "rev": "24396134f15122eb15867a42c63a11e49feac74c",
        "type": "github"
      },
      "original": {
        "owner": "NixOS",
        "ref": "release-25.05",
        "repo": "nixpkgs",
        "type": "github"
      }
    },
    "root": {
      "inputs": {
        "home-manager": "home-manager",
        "nixpkgs": "nixpkgs"
      }
    }
  },
  "root": "root",
  "version": 7
}
